// !$*UTF8*$!
{
	archiveVersion = 1;
	classes = {
	};
	objectVersion = 50;
	objects = {

/* Begin PBXBuildFile section */
		1F5CAD21216D6BB900746EC7 /* AppDelegate.swift in Sources */ = {isa = PBXBuildFile; fileRef = 1F5CAD20216D6BB900746EC7 /* AppDelegate.swift */; };
		1F5CAD23216D6BB900746EC7 /* ViewController.swift in Sources */ = {isa = PBXBuildFile; fileRef = 1F5CAD22216D6BB900746EC7 /* ViewController.swift */; };
		1F5CAD26216D6BB900746EC7 /* Main.storyboard in Resources */ = {isa = PBXBuildFile; fileRef = 1F5CAD24216D6BB900746EC7 /* Main.storyboard */; };
		1F5CAD28216D6BBA00746EC7 /* Assets.xcassets in Resources */ = {isa = PBXBuildFile; fileRef = 1F5CAD27216D6BBA00746EC7 /* Assets.xcassets */; };
		1F5CAD2B216D6BBA00746EC7 /* LaunchScreen.storyboard in Resources */ = {isa = PBXBuildFile; fileRef = 1F5CAD29216D6BBA00746EC7 /* LaunchScreen.storyboard */; };
		1F5CAD36216D6BBA00746EC7 /* WhatsHotTests.swift in Sources */ = {isa = PBXBuildFile; fileRef = 1F5CAD35216D6BBA00746EC7 /* WhatsHotTests.swift */; };
		1F5CAD41216D6BBA00746EC7 /* WhatsHotUITests.swift in Sources */ = {isa = PBXBuildFile; fileRef = 1F5CAD40216D6BBA00746EC7 /* WhatsHotUITests.swift */; };
		1F5CAD4F216D6C1700746EC7 /* GoogleService-Info.plist in Resources */ = {isa = PBXBuildFile; fileRef = 1F5CAD4E216D6C1700746EC7 /* GoogleService-Info.plist */; };
		2569F08BA6066A4601CC11CD /* Pods_WhatsHotTests.framework in Frameworks */ = {isa = PBXBuildFile; fileRef = 0B97D273A86901CF35514174 /* Pods_WhatsHotTests.framework */; };
		34B622FB38FB977D18800359 /* Pods_WhatsHot.framework in Frameworks */ = {isa = PBXBuildFile; fileRef = 73306419C87E2E2F60A295D6 /* Pods_WhatsHot.framework */; };
		DF2C2EEAA3694E31BC1D0FC1 /* Pods_WhatsHotUITests.framework in Frameworks */ = {isa = PBXBuildFile; fileRef = F3C56B477388C8662268D23B /* Pods_WhatsHotUITests.framework */; };
/* End PBXBuildFile section */

/* Begin PBXContainerItemProxy section */
		1F5CAD32216D6BBA00746EC7 /* PBXContainerItemProxy */ = {
			isa = PBXContainerItemProxy;
			containerPortal = 1F5CAD15216D6BB900746EC7 /* Project object */;
			proxyType = 1;
			remoteGlobalIDString = 1F5CAD1C216D6BB900746EC7;
			remoteInfo = WhatsHot;
		};
		1F5CAD3D216D6BBA00746EC7 /* PBXContainerItemProxy */ = {
			isa = PBXContainerItemProxy;
			containerPortal = 1F5CAD15216D6BB900746EC7 /* Project object */;
			proxyType = 1;
			remoteGlobalIDString = 1F5CAD1C216D6BB900746EC7;
			remoteInfo = WhatsHot;
		};
/* End PBXContainerItemProxy section */

/* Begin PBXFileReference section */
		0B97D273A86901CF35514174 /* Pods_WhatsHotTests.framework */ = {isa = PBXFileReference; explicitFileType = wrapper.framework; includeInIndex = 0; path = Pods_WhatsHotTests.framework; sourceTree = BUILT_PRODUCTS_DIR; };
		1AFDD9DD2CDA602F0BE0287E /* Pods-WhatsHotTests.release.xcconfig */ = {isa = PBXFileReference; includeInIndex = 1; lastKnownFileType = text.xcconfig; name = "Pods-WhatsHotTests.release.xcconfig"; path = "Pods/Target Support Files/Pods-WhatsHotTests/Pods-WhatsHotTests.release.xcconfig"; sourceTree = "<group>"; };
		1F5CAD1D216D6BB900746EC7 /* WhatsHot.app */ = {isa = PBXFileReference; explicitFileType = wrapper.application; includeInIndex = 0; path = WhatsHot.app; sourceTree = BUILT_PRODUCTS_DIR; };
		1F5CAD20216D6BB900746EC7 /* AppDelegate.swift */ = {isa = PBXFileReference; lastKnownFileType = sourcecode.swift; path = AppDelegate.swift; sourceTree = "<group>"; };
		1F5CAD22216D6BB900746EC7 /* ViewController.swift */ = {isa = PBXFileReference; lastKnownFileType = sourcecode.swift; path = ViewController.swift; sourceTree = "<group>"; };
		1F5CAD25216D6BB900746EC7 /* Base */ = {isa = PBXFileReference; lastKnownFileType = file.storyboard; name = Base; path = Base.lproj/Main.storyboard; sourceTree = "<group>"; };
		1F5CAD27216D6BBA00746EC7 /* Assets.xcassets */ = {isa = PBXFileReference; lastKnownFileType = folder.assetcatalog; path = Assets.xcassets; sourceTree = "<group>"; };
		1F5CAD2A216D6BBA00746EC7 /* Base */ = {isa = PBXFileReference; lastKnownFileType = file.storyboard; name = Base; path = Base.lproj/LaunchScreen.storyboard; sourceTree = "<group>"; };
		1F5CAD2C216D6BBA00746EC7 /* Info.plist */ = {isa = PBXFileReference; lastKnownFileType = text.plist.xml; path = Info.plist; sourceTree = "<group>"; };
		1F5CAD31216D6BBA00746EC7 /* WhatsHotTests.xctest */ = {isa = PBXFileReference; explicitFileType = wrapper.cfbundle; includeInIndex = 0; path = WhatsHotTests.xctest; sourceTree = BUILT_PRODUCTS_DIR; };
		1F5CAD35216D6BBA00746EC7 /* WhatsHotTests.swift */ = {isa = PBXFileReference; lastKnownFileType = sourcecode.swift; path = WhatsHotTests.swift; sourceTree = "<group>"; };
		1F5CAD37216D6BBA00746EC7 /* Info.plist */ = {isa = PBXFileReference; lastKnownFileType = text.plist.xml; path = Info.plist; sourceTree = "<group>"; };
		1F5CAD3C216D6BBA00746EC7 /* WhatsHotUITests.xctest */ = {isa = PBXFileReference; explicitFileType = wrapper.cfbundle; includeInIndex = 0; path = WhatsHotUITests.xctest; sourceTree = BUILT_PRODUCTS_DIR; };
		1F5CAD40216D6BBA00746EC7 /* WhatsHotUITests.swift */ = {isa = PBXFileReference; lastKnownFileType = sourcecode.swift; path = WhatsHotUITests.swift; sourceTree = "<group>"; };
		1F5CAD42216D6BBA00746EC7 /* Info.plist */ = {isa = PBXFileReference; lastKnownFileType = text.plist.xml; path = Info.plist; sourceTree = "<group>"; };
		1F5CAD4E216D6C1700746EC7 /* GoogleService-Info.plist */ = {isa = PBXFileReference; fileEncoding = 4; lastKnownFileType = text.plist.xml; name = "GoogleService-Info.plist"; path = "../../../../Downloads/GoogleService-Info.plist"; sourceTree = "<group>"; };
		1FBB6E5D9C7F0E24A1E2196A /* Pods-WhatsHot.debug.xcconfig */ = {isa = PBXFileReference; includeInIndex = 1; lastKnownFileType = text.xcconfig; name = "Pods-WhatsHot.debug.xcconfig"; path = "Pods/Target Support Files/Pods-WhatsHot/Pods-WhatsHot.debug.xcconfig"; sourceTree = "<group>"; };
		44E0D0326255F91E67AABDB7 /* Pods-WhatsHotUITests.release.xcconfig */ = {isa = PBXFileReference; includeInIndex = 1; lastKnownFileType = text.xcconfig; name = "Pods-WhatsHotUITests.release.xcconfig"; path = "Pods/Target Support Files/Pods-WhatsHotUITests/Pods-WhatsHotUITests.release.xcconfig"; sourceTree = "<group>"; };
		44F9EE935D7F6A5C88C347E3 /* Pods-WhatsHotTests.debug.xcconfig */ = {isa = PBXFileReference; includeInIndex = 1; lastKnownFileType = text.xcconfig; name = "Pods-WhatsHotTests.debug.xcconfig"; path = "Pods/Target Support Files/Pods-WhatsHotTests/Pods-WhatsHotTests.debug.xcconfig"; sourceTree = "<group>"; };
		54DA59E1D75A96823C7444F0 /* Pods-WhatsHot.release.xcconfig */ = {isa = PBXFileReference; includeInIndex = 1; lastKnownFileType = text.xcconfig; name = "Pods-WhatsHot.release.xcconfig"; path = "Pods/Target Support Files/Pods-WhatsHot/Pods-WhatsHot.release.xcconfig"; sourceTree = "<group>"; };
		73306419C87E2E2F60A295D6 /* Pods_WhatsHot.framework */ = {isa = PBXFileReference; explicitFileType = wrapper.framework; includeInIndex = 0; path = Pods_WhatsHot.framework; sourceTree = BUILT_PRODUCTS_DIR; };
		C00E26F48E04D4EEBF058B6A /* Pods-WhatsHotUITests.debug.xcconfig */ = {isa = PBXFileReference; includeInIndex = 1; lastKnownFileType = text.xcconfig; name = "Pods-WhatsHotUITests.debug.xcconfig"; path = "Pods/Target Support Files/Pods-WhatsHotUITests/Pods-WhatsHotUITests.debug.xcconfig"; sourceTree = "<group>"; };
		F3C56B477388C8662268D23B /* Pods_WhatsHotUITests.framework */ = {isa = PBXFileReference; explicitFileType = wrapper.framework; includeInIndex = 0; path = Pods_WhatsHotUITests.framework; sourceTree = BUILT_PRODUCTS_DIR; };
/* End PBXFileReference section */

/* Begin PBXFrameworksBuildPhase section */
		1F5CAD1A216D6BB900746EC7 /* Frameworks */ = {
			isa = PBXFrameworksBuildPhase;
			buildActionMask = 2147483647;
			files = (
				34B622FB38FB977D18800359 /* Pods_WhatsHot.framework in Frameworks */,
			);
			runOnlyForDeploymentPostprocessing = 0;
		};
		1F5CAD2E216D6BBA00746EC7 /* Frameworks */ = {
			isa = PBXFrameworksBuildPhase;
			buildActionMask = 2147483647;
			files = (
				2569F08BA6066A4601CC11CD /* Pods_WhatsHotTests.framework in Frameworks */,
			);
			runOnlyForDeploymentPostprocessing = 0;
		};
		1F5CAD39216D6BBA00746EC7 /* Frameworks */ = {
			isa = PBXFrameworksBuildPhase;
			buildActionMask = 2147483647;
			files = (
				DF2C2EEAA3694E31BC1D0FC1 /* Pods_WhatsHotUITests.framework in Frameworks */,
			);
			runOnlyForDeploymentPostprocessing = 0;
		};
/* End PBXFrameworksBuildPhase section */

/* Begin PBXGroup section */
		1F5CAD14216D6BB900746EC7 = {
			isa = PBXGroup;
			children = (
				1F5CAD1F216D6BB900746EC7 /* WhatsHot */,
				1F5CAD34216D6BBA00746EC7 /* WhatsHotTests */,
				1F5CAD3F216D6BBA00746EC7 /* WhatsHotUITests */,
				1F5CAD1E216D6BB900746EC7 /* Products */,
				31E4F933CC3984A1C3C9A3C4 /* Pods */,
				E057417CDCB7E0BC0A6CAA16 /* Frameworks */,
			);
			sourceTree = "<group>";
		};
		1F5CAD1E216D6BB900746EC7 /* Products */ = {
			isa = PBXGroup;
			children = (
				1F5CAD1D216D6BB900746EC7 /* WhatsHot.app */,
				1F5CAD31216D6BBA00746EC7 /* WhatsHotTests.xctest */,
				1F5CAD3C216D6BBA00746EC7 /* WhatsHotUITests.xctest */,
			);
			name = Products;
			sourceTree = "<group>";
		};
		1F5CAD1F216D6BB900746EC7 /* WhatsHot */ = {
			isa = PBXGroup;
			children = (
				1F5CAD4E216D6C1700746EC7 /* GoogleService-Info.plist */,
				1F5CAD20216D6BB900746EC7 /* AppDelegate.swift */,
				1F5CAD22216D6BB900746EC7 /* ViewController.swift */,
				1F5CAD24216D6BB900746EC7 /* Main.storyboard */,
				1F5CAD27216D6BBA00746EC7 /* Assets.xcassets */,
				1F5CAD29216D6BBA00746EC7 /* LaunchScreen.storyboard */,
				1F5CAD2C216D6BBA00746EC7 /* Info.plist */,
			);
			path = WhatsHot;
			sourceTree = "<group>";
		};
		1F5CAD34216D6BBA00746EC7 /* WhatsHotTests */ = {
			isa = PBXGroup;
			children = (
				1F5CAD35216D6BBA00746EC7 /* WhatsHotTests.swift */,
				1F5CAD37216D6BBA00746EC7 /* Info.plist */,
			);
			path = WhatsHotTests;
			sourceTree = "<group>";
		};
		1F5CAD3F216D6BBA00746EC7 /* WhatsHotUITests */ = {
			isa = PBXGroup;
			children = (
				1F5CAD40216D6BBA00746EC7 /* WhatsHotUITests.swift */,
				1F5CAD42216D6BBA00746EC7 /* Info.plist */,
			);
			path = WhatsHotUITests;
			sourceTree = "<group>";
		};
		31E4F933CC3984A1C3C9A3C4 /* Pods */ = {
			isa = PBXGroup;
			children = (
				1FBB6E5D9C7F0E24A1E2196A /* Pods-WhatsHot.debug.xcconfig */,
				54DA59E1D75A96823C7444F0 /* Pods-WhatsHot.release.xcconfig */,
				44F9EE935D7F6A5C88C347E3 /* Pods-WhatsHotTests.debug.xcconfig */,
				1AFDD9DD2CDA602F0BE0287E /* Pods-WhatsHotTests.release.xcconfig */,
				C00E26F48E04D4EEBF058B6A /* Pods-WhatsHotUITests.debug.xcconfig */,
				44E0D0326255F91E67AABDB7 /* Pods-WhatsHotUITests.release.xcconfig */,
			);
			name = Pods;
			sourceTree = "<group>";
		};
		E057417CDCB7E0BC0A6CAA16 /* Frameworks */ = {
			isa = PBXGroup;
			children = (
				73306419C87E2E2F60A295D6 /* Pods_WhatsHot.framework */,
				0B97D273A86901CF35514174 /* Pods_WhatsHotTests.framework */,
				F3C56B477388C8662268D23B /* Pods_WhatsHotUITests.framework */,
			);
			name = Frameworks;
			sourceTree = "<group>";
		};
/* End PBXGroup section */

/* Begin PBXNativeTarget section */
		1F5CAD1C216D6BB900746EC7 /* WhatsHot */ = {
			isa = PBXNativeTarget;
			buildConfigurationList = 1F5CAD45216D6BBA00746EC7 /* Build configuration list for PBXNativeTarget "WhatsHot" */;
			buildPhases = (
				5AE31C9AF3C49E1EBDD02416 /* [CP] Check Pods Manifest.lock */,
				1F5CAD19216D6BB900746EC7 /* Sources */,
				1F5CAD1A216D6BB900746EC7 /* Frameworks */,
				1F5CAD1B216D6BB900746EC7 /* Resources */,
				9466E0081789965215CDA0DB /* [CP] Embed Pods Frameworks */,
				E3AEBD0803B762A4214B967A /* [CP] Copy Pods Resources */,
			);
			buildRules = (
			);
			dependencies = (
			);
			name = WhatsHot;
			productName = WhatsHot;
			productReference = 1F5CAD1D216D6BB900746EC7 /* WhatsHot.app */;
			productType = "com.apple.product-type.application";
		};
		1F5CAD30216D6BBA00746EC7 /* WhatsHotTests */ = {
			isa = PBXNativeTarget;
			buildConfigurationList = 1F5CAD48216D6BBA00746EC7 /* Build configuration list for PBXNativeTarget "WhatsHotTests" */;
			buildPhases = (
				50B5EBC6106402B17EB1C4A9 /* [CP] Check Pods Manifest.lock */,
				1F5CAD2D216D6BBA00746EC7 /* Sources */,
				1F5CAD2E216D6BBA00746EC7 /* Frameworks */,
				1F5CAD2F216D6BBA00746EC7 /* Resources */,
			);
			buildRules = (
			);
			dependencies = (
				1F5CAD33216D6BBA00746EC7 /* PBXTargetDependency */,
			);
			name = WhatsHotTests;
			productName = WhatsHotTests;
			productReference = 1F5CAD31216D6BBA00746EC7 /* WhatsHotTests.xctest */;
			productType = "com.apple.product-type.bundle.unit-test";
		};
		1F5CAD3B216D6BBA00746EC7 /* WhatsHotUITests */ = {
			isa = PBXNativeTarget;
			buildConfigurationList = 1F5CAD4B216D6BBA00746EC7 /* Build configuration list for PBXNativeTarget "WhatsHotUITests" */;
			buildPhases = (
				AA213C53F8739C603614A835 /* [CP] Check Pods Manifest.lock */,
				1F5CAD38216D6BBA00746EC7 /* Sources */,
				1F5CAD39216D6BBA00746EC7 /* Frameworks */,
				1F5CAD3A216D6BBA00746EC7 /* Resources */,
			);
			buildRules = (
			);
			dependencies = (
				1F5CAD3E216D6BBA00746EC7 /* PBXTargetDependency */,
			);
			name = WhatsHotUITests;
			productName = WhatsHotUITests;
			productReference = 1F5CAD3C216D6BBA00746EC7 /* WhatsHotUITests.xctest */;
			productType = "com.apple.product-type.bundle.ui-testing";
		};
/* End PBXNativeTarget section */

/* Begin PBXProject section */
		1F5CAD15216D6BB900746EC7 /* Project object */ = {
			isa = PBXProject;
			attributes = {
				LastSwiftUpdateCheck = 1000;
				LastUpgradeCheck = 1000;
				ORGANIZATIONNAME = CMU;
				TargetAttributes = {
					1F5CAD1C216D6BB900746EC7 = {
						CreatedOnToolsVersion = 10.0;
					};
					1F5CAD30216D6BBA00746EC7 = {
						CreatedOnToolsVersion = 10.0;
						TestTargetID = 1F5CAD1C216D6BB900746EC7;
					};
					1F5CAD3B216D6BBA00746EC7 = {
						CreatedOnToolsVersion = 10.0;
						TestTargetID = 1F5CAD1C216D6BB900746EC7;
					};
				};
			};
			buildConfigurationList = 1F5CAD18216D6BB900746EC7 /* Build configuration list for PBXProject "WhatsHot" */;
			compatibilityVersion = "Xcode 9.3";
			developmentRegion = en;
			hasScannedForEncodings = 0;
			knownRegions = (
				en,
				Base,
			);
			mainGroup = 1F5CAD14216D6BB900746EC7;
			productRefGroup = 1F5CAD1E216D6BB900746EC7 /* Products */;
			projectDirPath = "";
			projectRoot = "";
			targets = (
				1F5CAD1C216D6BB900746EC7 /* WhatsHot */,
				1F5CAD30216D6BBA00746EC7 /* WhatsHotTests */,
				1F5CAD3B216D6BBA00746EC7 /* WhatsHotUITests */,
			);
		};
/* End PBXProject section */

/* Begin PBXResourcesBuildPhase section */
		1F5CAD1B216D6BB900746EC7 /* Resources */ = {
			isa = PBXResourcesBuildPhase;
			buildActionMask = 2147483647;
			files = (
				1F5CAD2B216D6BBA00746EC7 /* LaunchScreen.storyboard in Resources */,
				1F5CAD4F216D6C1700746EC7 /* GoogleService-Info.plist in Resources */,
				1F5CAD28216D6BBA00746EC7 /* Assets.xcassets in Resources */,
				1F5CAD26216D6BB900746EC7 /* Main.storyboard in Resources */,
			);
			runOnlyForDeploymentPostprocessing = 0;
		};
		1F5CAD2F216D6BBA00746EC7 /* Resources */ = {
			isa = PBXResourcesBuildPhase;
			buildActionMask = 2147483647;
			files = (
			);
			runOnlyForDeploymentPostprocessing = 0;
		};
		1F5CAD3A216D6BBA00746EC7 /* Resources */ = {
			isa = PBXResourcesBuildPhase;
			buildActionMask = 2147483647;
			files = (
			);
			runOnlyForDeploymentPostprocessing = 0;
		};
/* End PBXResourcesBuildPhase section */

/* Begin PBXShellScriptBuildPhase section */
		50B5EBC6106402B17EB1C4A9 /* [CP] Check Pods Manifest.lock */ = {
			isa = PBXShellScriptBuildPhase;
			buildActionMask = 2147483647;
			files = (
			);
			inputFileListPaths = (
			);
			inputPaths = (
				"${PODS_PODFILE_DIR_PATH}/Podfile.lock",
				"${PODS_ROOT}/Manifest.lock",
			);
			name = "[CP] Check Pods Manifest.lock";
			outputFileListPaths = (
			);
			outputPaths = (
				"$(DERIVED_FILE_DIR)/Pods-WhatsHotTests-checkManifestLockResult.txt",
			);
			runOnlyForDeploymentPostprocessing = 0;
			shellPath = /bin/sh;
			shellScript = "diff \"${PODS_PODFILE_DIR_PATH}/Podfile.lock\" \"${PODS_ROOT}/Manifest.lock\" > /dev/null\nif [ $? != 0 ] ; then\n    # print error to STDERR\n    echo \"error: The sandbox is not in sync with the Podfile.lock. Run 'pod install' or update your CocoaPods installation.\" >&2\n    exit 1\nfi\n# This output is used by Xcode 'outputs' to avoid re-running this script phase.\necho \"SUCCESS\" > \"${SCRIPT_OUTPUT_FILE_0}\"\n";
			showEnvVarsInLog = 0;
		};
		5AE31C9AF3C49E1EBDD02416 /* [CP] Check Pods Manifest.lock */ = {
			isa = PBXShellScriptBuildPhase;
			buildActionMask = 2147483647;
			files = (
			);
			inputFileListPaths = (
			);
			inputPaths = (
				"${PODS_PODFILE_DIR_PATH}/Podfile.lock",
				"${PODS_ROOT}/Manifest.lock",
			);
			name = "[CP] Check Pods Manifest.lock";
			outputFileListPaths = (
			);
			outputPaths = (
				"$(DERIVED_FILE_DIR)/Pods-WhatsHot-checkManifestLockResult.txt",
			);
			runOnlyForDeploymentPostprocessing = 0;
			shellPath = /bin/sh;
			shellScript = "diff \"${PODS_PODFILE_DIR_PATH}/Podfile.lock\" \"${PODS_ROOT}/Manifest.lock\" > /dev/null\nif [ $? != 0 ] ; then\n    # print error to STDERR\n    echo \"error: The sandbox is not in sync with the Podfile.lock. Run 'pod install' or update your CocoaPods installation.\" >&2\n    exit 1\nfi\n# This output is used by Xcode 'outputs' to avoid re-running this script phase.\necho \"SUCCESS\" > \"${SCRIPT_OUTPUT_FILE_0}\"\n";
			showEnvVarsInLog = 0;
		};
		9466E0081789965215CDA0DB /* [CP] Embed Pods Frameworks */ = {
			isa = PBXShellScriptBuildPhase;
			buildActionMask = 2147483647;
			files = (
			);
			inputFileListPaths = (
			);
			inputPaths = (
				"${SRCROOT}/Pods/Target Support Files/Pods-WhatsHot/Pods-WhatsHot-frameworks.sh",
				"${BUILT_PRODUCTS_DIR}/Bolts/Bolts.framework",
				"${BUILT_PRODUCTS_DIR}/BoringSSL/openssl.framework",
				"${BUILT_PRODUCTS_DIR}/FBSDKCoreKit/FBSDKCoreKit.framework",
				"${BUILT_PRODUCTS_DIR}/FBSDKLoginKit/FBSDKLoginKit.framework",
				"${BUILT_PRODUCTS_DIR}/GTMOAuth2/GTMOAuth2.framework",
				"${BUILT_PRODUCTS_DIR}/GTMSessionFetcher/GTMSessionFetcher.framework",
				"${BUILT_PRODUCTS_DIR}/GoogleToolboxForMac/GoogleToolboxForMac.framework",
				"${BUILT_PRODUCTS_DIR}/GoogleUtilities/GoogleUtilities.framework",
				"${BUILT_PRODUCTS_DIR}/Protobuf/Protobuf.framework",
				"${BUILT_PRODUCTS_DIR}/SDWebImage/SDWebImage.framework",
				"${PODS_ROOT}/TwitterCore/iOS/TwitterCore.framework",
				"${PODS_ROOT}/TwitterKit/iOS/TwitterKit.framework",
				"${BUILT_PRODUCTS_DIR}/gRPC/GRPCClient.framework",
				"${BUILT_PRODUCTS_DIR}/gRPC-C++/grpcpp.framework",
				"${BUILT_PRODUCTS_DIR}/gRPC-Core/grpc.framework",
				"${BUILT_PRODUCTS_DIR}/gRPC-ProtoRPC/ProtoRPC.framework",
				"${BUILT_PRODUCTS_DIR}/gRPC-RxLibrary/RxLibrary.framework",
				"${BUILT_PRODUCTS_DIR}/leveldb-library/leveldb.framework",
				"${BUILT_PRODUCTS_DIR}/nanopb/nanopb.framework",
			);
			name = "[CP] Embed Pods Frameworks";
			outputFileListPaths = (
			);
			outputPaths = (
				"${TARGET_BUILD_DIR}/${FRAMEWORKS_FOLDER_PATH}/Bolts.framework",
				"${TARGET_BUILD_DIR}/${FRAMEWORKS_FOLDER_PATH}/openssl.framework",
				"${TARGET_BUILD_DIR}/${FRAMEWORKS_FOLDER_PATH}/FBSDKCoreKit.framework",
				"${TARGET_BUILD_DIR}/${FRAMEWORKS_FOLDER_PATH}/FBSDKLoginKit.framework",
				"${TARGET_BUILD_DIR}/${FRAMEWORKS_FOLDER_PATH}/GTMOAuth2.framework",
				"${TARGET_BUILD_DIR}/${FRAMEWORKS_FOLDER_PATH}/GTMSessionFetcher.framework",
				"${TARGET_BUILD_DIR}/${FRAMEWORKS_FOLDER_PATH}/GoogleToolboxForMac.framework",
				"${TARGET_BUILD_DIR}/${FRAMEWORKS_FOLDER_PATH}/GoogleUtilities.framework",
				"${TARGET_BUILD_DIR}/${FRAMEWORKS_FOLDER_PATH}/Protobuf.framework",
				"${TARGET_BUILD_DIR}/${FRAMEWORKS_FOLDER_PATH}/SDWebImage.framework",
				"${TARGET_BUILD_DIR}/${FRAMEWORKS_FOLDER_PATH}/TwitterCore.framework",
				"${TARGET_BUILD_DIR}/${FRAMEWORKS_FOLDER_PATH}/TwitterKit.framework",
				"${TARGET_BUILD_DIR}/${FRAMEWORKS_FOLDER_PATH}/GRPCClient.framework",
				"${TARGET_BUILD_DIR}/${FRAMEWORKS_FOLDER_PATH}/grpcpp.framework",
				"${TARGET_BUILD_DIR}/${FRAMEWORKS_FOLDER_PATH}/grpc.framework",
				"${TARGET_BUILD_DIR}/${FRAMEWORKS_FOLDER_PATH}/ProtoRPC.framework",
				"${TARGET_BUILD_DIR}/${FRAMEWORKS_FOLDER_PATH}/RxLibrary.framework",
				"${TARGET_BUILD_DIR}/${FRAMEWORKS_FOLDER_PATH}/leveldb.framework",
				"${TARGET_BUILD_DIR}/${FRAMEWORKS_FOLDER_PATH}/nanopb.framework",
			);
			runOnlyForDeploymentPostprocessing = 0;
			shellPath = /bin/sh;
			shellScript = "\"${SRCROOT}/Pods/Target Support Files/Pods-WhatsHot/Pods-WhatsHot-frameworks.sh\"\n";
			showEnvVarsInLog = 0;
		};
		AA213C53F8739C603614A835 /* [CP] Check Pods Manifest.lock */ = {
			isa = PBXShellScriptBuildPhase;
			buildActionMask = 2147483647;
			files = (
			);
			inputFileListPaths = (
			);
			inputPaths = (
				"${PODS_PODFILE_DIR_PATH}/Podfile.lock",
				"${PODS_ROOT}/Manifest.lock",
			);
			name = "[CP] Check Pods Manifest.lock";
			outputFileListPaths = (
			);
			outputPaths = (
				"$(DERIVED_FILE_DIR)/Pods-WhatsHotUITests-checkManifestLockResult.txt",
			);
			runOnlyForDeploymentPostprocessing = 0;
			shellPath = /bin/sh;
			shellScript = "diff \"${PODS_PODFILE_DIR_PATH}/Podfile.lock\" \"${PODS_ROOT}/Manifest.lock\" > /dev/null\nif [ $? != 0 ] ; then\n    # print error to STDERR\n    echo \"error: The sandbox is not in sync with the Podfile.lock. Run 'pod install' or update your CocoaPods installation.\" >&2\n    exit 1\nfi\n# This output is used by Xcode 'outputs' to avoid re-running this script phase.\necho \"SUCCESS\" > \"${SCRIPT_OUTPUT_FILE_0}\"\n";
			showEnvVarsInLog = 0;
		};
		E3AEBD0803B762A4214B967A /* [CP] Copy Pods Resources */ = {
			isa = PBXShellScriptBuildPhase;
			buildActionMask = 2147483647;
			files = (
			);
			inputFileListPaths = (
			);
			inputPaths = (
				"${SRCROOT}/Pods/Target Support Files/Pods-WhatsHot/Pods-WhatsHot-resources.sh",
				"${PODS_CONFIGURATION_BUILD_DIR}/FirebaseUI/FirebaseAnonymousAuthUI.bundle",
				"${PODS_CONFIGURATION_BUILD_DIR}/FirebaseUI/FirebaseAuthUI.bundle",
				"${PODS_CONFIGURATION_BUILD_DIR}/FirebaseUI/FirebaseFacebookAuthUI.bundle",
				"${PODS_CONFIGURATION_BUILD_DIR}/FirebaseUI/FirebaseGoogleAuthUI.bundle",
				"${PODS_CONFIGURATION_BUILD_DIR}/FirebaseUI/FirebasePhoneAuthUI.bundle",
				"${PODS_CONFIGURATION_BUILD_DIR}/FirebaseUI/FirebaseTwitterAuthUI.bundle",
				"${PODS_ROOT}/GoogleSignIn/Resources/GoogleSignIn.bundle",
				"${PODS_ROOT}/TwitterKit/iOS/TwitterKit.framework/TwitterKitResources.bundle",
			);
			name = "[CP] Copy Pods Resources";
			outputFileListPaths = (
			);
			outputPaths = (
				"${TARGET_BUILD_DIR}/${UNLOCALIZED_RESOURCES_FOLDER_PATH}/FirebaseAnonymousAuthUI.bundle",
				"${TARGET_BUILD_DIR}/${UNLOCALIZED_RESOURCES_FOLDER_PATH}/FirebaseAuthUI.bundle",
				"${TARGET_BUILD_DIR}/${UNLOCALIZED_RESOURCES_FOLDER_PATH}/FirebaseFacebookAuthUI.bundle",
				"${TARGET_BUILD_DIR}/${UNLOCALIZED_RESOURCES_FOLDER_PATH}/FirebaseGoogleAuthUI.bundle",
				"${TARGET_BUILD_DIR}/${UNLOCALIZED_RESOURCES_FOLDER_PATH}/FirebasePhoneAuthUI.bundle",
				"${TARGET_BUILD_DIR}/${UNLOCALIZED_RESOURCES_FOLDER_PATH}/FirebaseTwitterAuthUI.bundle",
				"${TARGET_BUILD_DIR}/${UNLOCALIZED_RESOURCES_FOLDER_PATH}/GoogleSignIn.bundle",
				"${TARGET_BUILD_DIR}/${UNLOCALIZED_RESOURCES_FOLDER_PATH}/TwitterKitResources.bundle",
			);
			runOnlyForDeploymentPostprocessing = 0;
			shellPath = /bin/sh;
			shellScript = "\"${SRCROOT}/Pods/Target Support Files/Pods-WhatsHot/Pods-WhatsHot-resources.sh\"\n";
			showEnvVarsInLog = 0;
		};
/* End PBXShellScriptBuildPhase section */

/* Begin PBXSourcesBuildPhase section */
		1F5CAD19216D6BB900746EC7 /* Sources */ = {
			isa = PBXSourcesBuildPhase;
			buildActionMask = 2147483647;
			files = (
				1F5CAD23216D6BB900746EC7 /* ViewController.swift in Sources */,
				1F5CAD21216D6BB900746EC7 /* AppDelegate.swift in Sources */,
			);
			runOnlyForDeploymentPostprocessing = 0;
		};
		1F5CAD2D216D6BBA00746EC7 /* Sources */ = {
			isa = PBXSourcesBuildPhase;
			buildActionMask = 2147483647;
			files = (
				1F5CAD36216D6BBA00746EC7 /* WhatsHotTests.swift in Sources */,
			);
			runOnlyForDeploymentPostprocessing = 0;
		};
		1F5CAD38216D6BBA00746EC7 /* Sources */ = {
			isa = PBXSourcesBuildPhase;
			buildActionMask = 2147483647;
			files = (
				1F5CAD41216D6BBA00746EC7 /* WhatsHotUITests.swift in Sources */,
			);
			runOnlyForDeploymentPostprocessing = 0;
		};
/* End PBXSourcesBuildPhase section */

/* Begin PBXTargetDependency section */
		1F5CAD33216D6BBA00746EC7 /* PBXTargetDependency */ = {
			isa = PBXTargetDependency;
			target = 1F5CAD1C216D6BB900746EC7 /* WhatsHot */;
			targetProxy = 1F5CAD32216D6BBA00746EC7 /* PBXContainerItemProxy */;
		};
		1F5CAD3E216D6BBA00746EC7 /* PBXTargetDependency */ = {
			isa = PBXTargetDependency;
			target = 1F5CAD1C216D6BB900746EC7 /* WhatsHot */;
			targetProxy = 1F5CAD3D216D6BBA00746EC7 /* PBXContainerItemProxy */;
		};
/* End PBXTargetDependency section */

/* Begin PBXVariantGroup section */
		1F5CAD24216D6BB900746EC7 /* Main.storyboard */ = {
			isa = PBXVariantGroup;
			children = (
				1F5CAD25216D6BB900746EC7 /* Base */,
			);
			name = Main.storyboard;
			sourceTree = "<group>";
		};
		1F5CAD29216D6BBA00746EC7 /* LaunchScreen.storyboard */ = {
			isa = PBXVariantGroup;
			children = (
				1F5CAD2A216D6BBA00746EC7 /* Base */,
			);
			name = LaunchScreen.storyboard;
			sourceTree = "<group>";
		};
/* End PBXVariantGroup section */

/* Begin XCBuildConfiguration section */
		1F5CAD43216D6BBA00746EC7 /* Debug */ = {
			isa = XCBuildConfiguration;
			buildSettings = {
				ALWAYS_SEARCH_USER_PATHS = NO;
				CLANG_ANALYZER_NONNULL = YES;
				CLANG_ANALYZER_NUMBER_OBJECT_CONVERSION = YES_AGGRESSIVE;
				CLANG_CXX_LANGUAGE_STANDARD = "gnu++14";
				CLANG_CXX_LIBRARY = "libc++";
				CLANG_ENABLE_MODULES = YES;
				CLANG_ENABLE_OBJC_ARC = YES;
				CLANG_ENABLE_OBJC_WEAK = YES;
				CLANG_WARN_BLOCK_CAPTURE_AUTORELEASING = YES;
				CLANG_WARN_BOOL_CONVERSION = YES;
				CLANG_WARN_COMMA = YES;
				CLANG_WARN_CONSTANT_CONVERSION = YES;
				CLANG_WARN_DEPRECATED_OBJC_IMPLEMENTATIONS = YES;
				CLANG_WARN_DIRECT_OBJC_ISA_USAGE = YES_ERROR;
				CLANG_WARN_DOCUMENTATION_COMMENTS = YES;
				CLANG_WARN_EMPTY_BODY = YES;
				CLANG_WARN_ENUM_CONVERSION = YES;
				CLANG_WARN_INFINITE_RECURSION = YES;
				CLANG_WARN_INT_CONVERSION = YES;
				CLANG_WARN_NON_LITERAL_NULL_CONVERSION = YES;
				CLANG_WARN_OBJC_IMPLICIT_RETAIN_SELF = YES;
				CLANG_WARN_OBJC_LITERAL_CONVERSION = YES;
				CLANG_WARN_OBJC_ROOT_CLASS = YES_ERROR;
				CLANG_WARN_RANGE_LOOP_ANALYSIS = YES;
				CLANG_WARN_STRICT_PROTOTYPES = YES;
				CLANG_WARN_SUSPICIOUS_MOVE = YES;
				CLANG_WARN_UNGUARDED_AVAILABILITY = YES_AGGRESSIVE;
				CLANG_WARN_UNREACHABLE_CODE = YES;
				CLANG_WARN__DUPLICATE_METHOD_MATCH = YES;
				CODE_SIGN_IDENTITY = "iPhone Developer";
				COPY_PHASE_STRIP = NO;
				DEBUG_INFORMATION_FORMAT = dwarf;
				ENABLE_STRICT_OBJC_MSGSEND = YES;
				ENABLE_TESTABILITY = YES;
				GCC_C_LANGUAGE_STANDARD = gnu11;
				GCC_DYNAMIC_NO_PIC = NO;
				GCC_NO_COMMON_BLOCKS = YES;
				GCC_OPTIMIZATION_LEVEL = 0;
				GCC_PREPROCESSOR_DEFINITIONS = (
					"DEBUG=1",
					"$(inherited)",
				);
				GCC_WARN_64_TO_32_BIT_CONVERSION = YES;
				GCC_WARN_ABOUT_RETURN_TYPE = YES_ERROR;
				GCC_WARN_UNDECLARED_SELECTOR = YES;
				GCC_WARN_UNINITIALIZED_AUTOS = YES_AGGRESSIVE;
				GCC_WARN_UNUSED_FUNCTION = YES;
				GCC_WARN_UNUSED_VARIABLE = YES;
				IPHONEOS_DEPLOYMENT_TARGET = 12.0;
				MTL_ENABLE_DEBUG_INFO = INCLUDE_SOURCE;
				MTL_FAST_MATH = YES;
				ONLY_ACTIVE_ARCH = YES;
				SDKROOT = iphoneos;
				SWIFT_ACTIVE_COMPILATION_CONDITIONS = DEBUG;
				SWIFT_OPTIMIZATION_LEVEL = "-Onone";
			};
			name = Debug;
		};
		1F5CAD44216D6BBA00746EC7 /* Release */ = {
			isa = XCBuildConfiguration;
			buildSettings = {
				ALWAYS_SEARCH_USER_PATHS = NO;
				CLANG_ANALYZER_NONNULL = YES;
				CLANG_ANALYZER_NUMBER_OBJECT_CONVERSION = YES_AGGRESSIVE;
				CLANG_CXX_LANGUAGE_STANDARD = "gnu++14";
				CLANG_CXX_LIBRARY = "libc++";
				CLANG_ENABLE_MODULES = YES;
				CLANG_ENABLE_OBJC_ARC = YES;
				CLANG_ENABLE_OBJC_WEAK = YES;
				CLANG_WARN_BLOCK_CAPTURE_AUTORELEASING = YES;
				CLANG_WARN_BOOL_CONVERSION = YES;
				CLANG_WARN_COMMA = YES;
				CLANG_WARN_CONSTANT_CONVERSION = YES;
				CLANG_WARN_DEPRECATED_OBJC_IMPLEMENTATIONS = YES;
				CLANG_WARN_DIRECT_OBJC_ISA_USAGE = YES_ERROR;
				CLANG_WARN_DOCUMENTATION_COMMENTS = YES;
				CLANG_WARN_EMPTY_BODY = YES;
				CLANG_WARN_ENUM_CONVERSION = YES;
				CLANG_WARN_INFINITE_RECURSION = YES;
				CLANG_WARN_INT_CONVERSION = YES;
				CLANG_WARN_NON_LITERAL_NULL_CONVERSION = YES;
				CLANG_WARN_OBJC_IMPLICIT_RETAIN_SELF = YES;
				CLANG_WARN_OBJC_LITERAL_CONVERSION = YES;
				CLANG_WARN_OBJC_ROOT_CLASS = YES_ERROR;
				CLANG_WARN_RANGE_LOOP_ANALYSIS = YES;
				CLANG_WARN_STRICT_PROTOTYPES = YES;
				CLANG_WARN_SUSPICIOUS_MOVE = YES;
				CLANG_WARN_UNGUARDED_AVAILABILITY = YES_AGGRESSIVE;
				CLANG_WARN_UNREACHABLE_CODE = YES;
				CLANG_WARN__DUPLICATE_METHOD_MATCH = YES;
				CODE_SIGN_IDENTITY = "iPhone Developer";
				COPY_PHASE_STRIP = NO;
				DEBUG_INFORMATION_FORMAT = "dwarf-with-dsym";
				ENABLE_NS_ASSERTIONS = NO;
				ENABLE_STRICT_OBJC_MSGSEND = YES;
				GCC_C_LANGUAGE_STANDARD = gnu11;
				GCC_NO_COMMON_BLOCKS = YES;
				GCC_WARN_64_TO_32_BIT_CONVERSION = YES;
				GCC_WARN_ABOUT_RETURN_TYPE = YES_ERROR;
				GCC_WARN_UNDECLARED_SELECTOR = YES;
				GCC_WARN_UNINITIALIZED_AUTOS = YES_AGGRESSIVE;
				GCC_WARN_UNUSED_FUNCTION = YES;
				GCC_WARN_UNUSED_VARIABLE = YES;
				IPHONEOS_DEPLOYMENT_TARGET = 12.0;
				MTL_ENABLE_DEBUG_INFO = NO;
				MTL_FAST_MATH = YES;
				SDKROOT = iphoneos;
				SWIFT_COMPILATION_MODE = wholemodule;
				SWIFT_OPTIMIZATION_LEVEL = "-O";
				VALIDATE_PRODUCT = YES;
			};
			name = Release;
		};
		1F5CAD46216D6BBA00746EC7 /* Debug */ = {
			isa = XCBuildConfiguration;
			baseConfigurationReference = 1FBB6E5D9C7F0E24A1E2196A /* Pods-WhatsHot.debug.xcconfig */;
			buildSettings = {
				ASSETCATALOG_COMPILER_APPICON_NAME = AppIcon;
				CODE_SIGN_STYLE = Automatic;
				INFOPLIST_FILE = WhatsHot/Info.plist;
				LD_RUNPATH_SEARCH_PATHS = (
					"$(inherited)",
					"@executable_path/Frameworks",
				);
				PRODUCT_BUNDLE_IDENTIFIER = cmu.com.WhatsHot;
				PRODUCT_NAME = "$(TARGET_NAME)";
				SWIFT_VERSION = 4.2;
				TARGETED_DEVICE_FAMILY = "1,2";
			};
			name = Debug;
		};
		1F5CAD47216D6BBA00746EC7 /* Release */ = {
			isa = XCBuildConfiguration;
			baseConfigurationReference = 54DA59E1D75A96823C7444F0 /* Pods-WhatsHot.release.xcconfig */;
			buildSettings = {
				ASSETCATALOG_COMPILER_APPICON_NAME = AppIcon;
				CODE_SIGN_STYLE = Automatic;
				INFOPLIST_FILE = WhatsHot/Info.plist;
				LD_RUNPATH_SEARCH_PATHS = (
					"$(inherited)",
					"@executable_path/Frameworks",
				);
				PRODUCT_BUNDLE_IDENTIFIER = cmu.com.WhatsHot;
				PRODUCT_NAME = "$(TARGET_NAME)";
				SWIFT_VERSION = 4.2;
				TARGETED_DEVICE_FAMILY = "1,2";
			};
			name = Release;
		};
		1F5CAD49216D6BBA00746EC7 /* Debug */ = {
			isa = XCBuildConfiguration;
			baseConfigurationReference = 44F9EE935D7F6A5C88C347E3 /* Pods-WhatsHotTests.debug.xcconfig */;
			buildSettings = {
				ALWAYS_EMBED_SWIFT_STANDARD_LIBRARIES = YES;
				BUNDLE_LOADER = "$(TEST_HOST)";
				CODE_SIGN_STYLE = Automatic;
				INFOPLIST_FILE = WhatsHotTests/Info.plist;
				LD_RUNPATH_SEARCH_PATHS = (
					"$(inherited)",
					"@executable_path/Frameworks",
					"@loader_path/Frameworks",
				);
				PRODUCT_BUNDLE_IDENTIFIER = cmu.com.WhatsHotTests;
				PRODUCT_NAME = "$(TARGET_NAME)";
				SWIFT_VERSION = 4.2;
				TARGETED_DEVICE_FAMILY = "1,2";
				TEST_HOST = "$(BUILT_PRODUCTS_DIR)/WhatsHot.app/WhatsHot";
			};
			name = Debug;
		};
		1F5CAD4A216D6BBA00746EC7 /* Release */ = {
			isa = XCBuildConfiguration;
			baseConfigurationReference = 1AFDD9DD2CDA602F0BE0287E /* Pods-WhatsHotTests.release.xcconfig */;
			buildSettings = {
				ALWAYS_EMBED_SWIFT_STANDARD_LIBRARIES = YES;
				BUNDLE_LOADER = "$(TEST_HOST)";
				CODE_SIGN_STYLE = Automatic;
				INFOPLIST_FILE = WhatsHotTests/Info.plist;
				LD_RUNPATH_SEARCH_PATHS = (
					"$(inherited)",
					"@executable_path/Frameworks",
					"@loader_path/Frameworks",
				);
				PRODUCT_BUNDLE_IDENTIFIER = cmu.com.WhatsHotTests;
				PRODUCT_NAME = "$(TARGET_NAME)";
				SWIFT_VERSION = 4.2;
				TARGETED_DEVICE_FAMILY = "1,2";
				TEST_HOST = "$(BUILT_PRODUCTS_DIR)/WhatsHot.app/WhatsHot";
			};
			name = Release;
		};
		1F5CAD4C216D6BBA00746EC7 /* Debug */ = {
			isa = XCBuildConfiguration;
			baseConfigurationReference = C00E26F48E04D4EEBF058B6A /* Pods-WhatsHotUITests.debug.xcconfig */;
			buildSettings = {
				ALWAYS_EMBED_SWIFT_STANDARD_LIBRARIES = YES;
				CODE_SIGN_STYLE = Automatic;
				INFOPLIST_FILE = WhatsHotUITests/Info.plist;
				LD_RUNPATH_SEARCH_PATHS = (
					"$(inherited)",
					"@executable_path/Frameworks",
					"@loader_path/Frameworks",
				);
				PRODUCT_BUNDLE_IDENTIFIER = cmu.com.WhatsHotUITests;
				PRODUCT_NAME = "$(TARGET_NAME)";
				SWIFT_VERSION = 4.2;
				TARGETED_DEVICE_FAMILY = "1,2";
				TEST_TARGET_NAME = WhatsHot;
			};
			name = Debug;
		};
		1F5CAD4D216D6BBA00746EC7 /* Release */ = {
			isa = XCBuildConfiguration;
			baseConfigurationReference = 44E0D0326255F91E67AABDB7 /* Pods-WhatsHotUITests.release.xcconfig */;
			buildSettings = {
				ALWAYS_EMBED_SWIFT_STANDARD_LIBRARIES = YES;
				CODE_SIGN_STYLE = Automatic;
				INFOPLIST_FILE = WhatsHotUITests/Info.plist;
				LD_RUNPATH_SEARCH_PATHS = (
					"$(inherited)",
					"@executable_path/Frameworks",
					"@loader_path/Frameworks",
				);
				PRODUCT_BUNDLE_IDENTIFIER = cmu.com.WhatsHotUITests;
				PRODUCT_NAME = "$(TARGET_NAME)";
				SWIFT_VERSION = 4.2;
				TARGETED_DEVICE_FAMILY = "1,2";
				TEST_TARGET_NAME = WhatsHot;
			};
			name = Release;
		};
/* End XCBuildConfiguration section */

/* Begin XCConfigurationList section */
		1F5CAD18216D6BB900746EC7 /* Build configuration list for PBXProject "WhatsHot" */ = {
			isa = XCConfigurationList;
			buildConfigurations = (
				1F5CAD43216D6BBA00746EC7 /* Debug */,
				1F5CAD44216D6BBA00746EC7 /* Release */,
			);
			defaultConfigurationIsVisible = 0;
			defaultConfigurationName = Release;
		};
		1F5CAD45216D6BBA00746EC7 /* Build configuration list for PBXNativeTarget "WhatsHot" */ = {
			isa = XCConfigurationList;
			buildConfigurations = (
				1F5CAD46216D6BBA00746EC7 /* Debug */,
				1F5CAD47216D6BBA00746EC7 /* Release */,
			);
			defaultConfigurationIsVisible = 0;
			defaultConfigurationName = Release;
		};
		1F5CAD48216D6BBA00746EC7 /* Build configuration list for PBXNativeTarget "WhatsHotTests" */ = {
			isa = XCConfigurationList;
			buildConfigurations = (
				1F5CAD49216D6BBA00746EC7 /* Debug */,
				1F5CAD4A216D6BBA00746EC7 /* Release */,
			);
			defaultConfigurationIsVisible = 0;
			defaultConfigurationName = Release;
		};
		1F5CAD4B216D6BBA00746EC7 /* Build configuration list for PBXNativeTarget "WhatsHotUITests" */ = {
			isa = XCConfigurationList;
			buildConfigurations = (
				1F5CAD4C216D6BBA00746EC7 /* Debug */,
				1F5CAD4D216D6BBA00746EC7 /* Release */,
			);
			defaultConfigurationIsVisible = 0;
			defaultConfigurationName = Release;
		};
/* End XCConfigurationList section */
	};
	rootObject = 1F5CAD15216D6BB900746EC7 /* Project object */;
}
